
Microsoft Visual Studio Solution File, Format Version 12.00
# Visual Studio Version 18
VisualStudioVersion = 18.9.12120.119
MinimumVisualStudioVersion = 10.0.40219.1
Project("{2150E333-8FDC-42A3-9474-1A3956D46DE8}") = "Solution Items", "Solution Items", "{07C80CA7-0AE5-4B5C-BA42-34D07FAE3EC8}"
	ProjectSection(SolutionItems) = preProject
		LICENSE = LICENSE
	EndProjectSection
EndProject
Project("{FAE04EC0-301F-11D3-BF4B-00C04F79EFBC}") = "VideoDownloader", "VideoDownloader\VideoDownloader.csproj", "{AE65E0CB-7AEA-4B37-886C-2FB4E4744222}"
EndProject
Project("{8BC9CEB8-8B4A-11D0-8D11-00A0C91BC942}") = "FFmpegBuild", "FFmpegBuild\FFmpegBuild.vcxproj", "{C7E1A4B2-6F3D-4A8E-9C2B-1D5F7A3E9B60}"
EndProject
Project("{54435603-DBB4-11D2-8724-00A0C9A8B90C}") = "Setup", "Setup\Setup.vdproj", "{DBE9999D-346E-CA63-6964-F3B7FC1D42B4}"
EndProject
Project("{FAE04EC0-301F-11D3-BF4B-00C04F79EFBC}") = "VideoDownloader.Core", "VideoDownloader.Core\VideoDownloader.Core.csproj", "{A01AF3B7-95CC-4DFF-A61F-9C08888D23E3}"
EndProject
Global
	GlobalSection(SolutionConfigurationPlatforms) = preSolution
		Debug|Any CPU = Debug|Any CPU
		Debug|x64 = Debug|x64
		Debug|x86 = Debug|x86
		Release|Any CPU = Release|Any CPU
		Release|x64 = Release|x64
		Release|x86 = Release|x86
	EndGlobalSection
	GlobalSection(ProjectConfigurationPlatforms) = postSolution
		{AE65E0CB-7AEA-4B37-886C-2FB4E4744222}.Debug|Any CPU.ActiveCfg = Debug|Any CPU
		{AE65E0CB-7AEA-4B37-886C-2FB4E4744222}.Debug|Any CPU.Build.0 = Debug|Any CPU
		{AE65E0CB-7AEA-4B37-886C-2FB4E4744222}.Debug|x64.ActiveCfg = Debug|x64
		{AE65E0CB-7AEA-4B37-886C-2FB4E4744222}.Debug|x64.Build.0 = Debug|x64
		{AE65E0CB-7AEA-4B37-886C-2FB4E4744222}.Debug|x86.ActiveCfg = Debug|Any CPU
		{AE65E0CB-7AEA-4B37-886C-2FB4E4744222}.Debug|x86.Build.0 = Debug|Any CPU
		{AE65E0CB-7AEA-4B37-886C-2FB4E4744222}.Release|Any CPU.ActiveCfg = Release|Any CPU
		{AE65E0CB-7AEA-4B37-886C-2FB4E4744222}.Release|Any CPU.Build.0 = Release|Any CPU
		{AE65E0CB-7AEA-4B37-886C-2FB4E4744222}.Release|x64.ActiveCfg = Release|x64
		{AE65E0CB-7AEA-4B37-886C-2FB4E4744222}.Release|x64.Build.0 = Release|x64
		{AE65E0CB-7AEA-4B37-886C-2FB4E4744222}.Release|x86.ActiveCfg = Release|Any CPU
		{AE65E0CB-7AEA-4B37-886C-2FB4E4744222}.Release|x86.Build.0 = Release|Any CPU
		{C7E1A4B2-6F3D-4A8E-9C2B-1D5F7A3E9B60}.Debug|Any CPU.ActiveCfg = Debug|x64
		{C7E1A4B2-6F3D-4A8E-9C2B-1D5F7A3E9B60}.Debug|x64.ActiveCfg = Debug|x64
		{C7E1A4B2-6F3D-4A8E-9C2B-1D5F7A3E9B60}.Debug|x64.Build.0 = Debug|x64
		{C7E1A4B2-6F3D-4A8E-9C2B-1D5F7A3E9B60}.Debug|x86.ActiveCfg = Debug|Win32
		{C7E1A4B2-6F3D-4A8E-9C2B-1D5F7A3E9B60}.Debug|x86.Build.0 = Debug|Win32
		{C7E1A4B2-6F3D-4A8E-9C2B-1D5F7A3E9B60}.Release|Any CPU.ActiveCfg = Release|x64
		{C7E1A4B2-6F3D-4A8E-9C2B-1D5F7A3E9B60}.Release|x64.ActiveCfg = Release|x64
		{C7E1A4B2-6F3D-4A8E-9C2B-1D5F7A3E9B60}.Release|x64.Build.0 = Release|x64
		{C7E1A4B2-6F3D-4A8E-9C2B-1D5F7A3E9B60}.Release|x86.ActiveCfg = Release|Win32
		{C7E1A4B2-6F3D-4A8E-9C2B-1D5F7A3E9B60}.Release|x86.Build.0 = Release|Win32
		{DBE9999D-346E-CA63-6964-F3B7FC1D42B4}.Debug|Any CPU.ActiveCfg = Debug|Any CPU
		{DBE9999D-346E-CA63-6964-F3B7FC1D42B4}.Debug|x64.ActiveCfg = Debug|x64
		{DBE9999D-346E-CA63-6964-F3B7FC1D42B4}.Debug|x86.ActiveCfg = Debug|x86
		{DBE9999D-346E-CA63-6964-F3B7FC1D42B4}.Release|Any CPU.ActiveCfg = Release|Any CPU
		{DBE9999D-346E-CA63-6964-F3B7FC1D42B4}.Release|x64.ActiveCfg = Release|x64
		{DBE9999D-346E-CA63-6964-F3B7FC1D42B4}.Release|x86.ActiveCfg = Release|x86
		{A01AF3B7-95CC-4DFF-A61F-9C08888D23E3}.Debug|Any CPU.ActiveCfg = Debug|Any CPU
		{A01AF3B7-95CC-4DFF-A61F-9C08888D23E3}.Debug|Any CPU.Build.0 = Debug|Any CPU
		{A01AF3B7-95CC-4DFF-A61F-9C08888D23E3}.Debug|x64.ActiveCfg = Debug|Any CPU
		{A01AF3B7-95CC-4DFF-A61F-9C08888D23E3}.Debug|x64.Build.0 = Debug|Any CPU
		{A01AF3B7-95CC-4DFF-A61F-9C08888D23E3}.Debug|x86.ActiveCfg = Debug|Any CPU
		{A01AF3B7-95CC-4DFF-A61F-9C08888D23E3}.Debug|x86.Build.0 = Debug|Any CPU
		{A01AF3B7-95CC-4DFF-A61F-9C08888D23E3}.Release|Any CPU.ActiveCfg = Release|Any CPU
		{A01AF3B7-95CC-4DFF-A61F-9C08888D23E3}.Release|Any CPU.Build.0 = Release|Any CPU
		{A01AF3B7-95CC-4DFF-A61F-9C08888D23E3}.Release|x64.ActiveCfg = Release|Any CPU
		{A01AF3B7-95CC-4DFF-A61F-9C08888D23E3}.Release|x64.Build.0 = Release|Any CPU
		{A01AF3B7-95CC-4DFF-A61F-9C08888D23E3}.Release|x86.ActiveCfg = Release|Any CPU
		{A01AF3B7-95CC-4DFF-A61F-9C08888D23E3}.Release|x86.Build.0 = Release|Any CPU
	EndGlobalSection
	GlobalSection(SolutionProperties) = preSolution
		HideSolutionNode = FALSE
	EndGlobalSection
	GlobalSection(ExtensibilityGlobals) = postSolution
		SolutionGuid = {F2EFD59F-0909-413F-A723-1B72F4D57F70}
	EndGlobalSection
EndGlobal
